
Microsoft Visual Studio Solution File, Format Version 12.00
Project("{FAE04EC0-301F-11D3-BF4B-00C04F79EFBC}") = "Analyzers", "src\Analyzers\Analyzers.csproj", "{A971F5D0-348E-4A4A-80B2-1037282B332E}"
EndProject
Project("{FAE04EC0-301F-11D3-BF4B-00C04F79EFBC}") = "Analyzers.Sample", "test\Analyzers.Sample\Analyzers.Sample.csproj", "{F6C1CFFF-2782-4FEA-BD45-CA1D0750284B}"
EndProject
Project("{FAE04EC0-301F-11D3-BF4B-00C04F79EFBC}") = "Analyzers.Tests", "test\Analyzers.Tests\Analyzers.Tests.csproj", "{03988E0E-AA09-4ED5-8344-203819A66F3B}"
EndProject
Project("{2150E333-8FDC-42A3-9474-1A3956D46DE8}") = "Solution Items", "Solution Items", "{68098714-7CFB-4219-B0E7-7DFFD7E425CD}"
	ProjectSection(SolutionItems) = preProject
		.editorconfig = .editorconfig
		.gitignore = .gitignore
		.github\workflows\main.yml = .github\workflows\main.yml
		Readme.md = Readme.md
	EndProjectSection
EndProject
Project("{2150E333-8FDC-42A3-9474-1A3956D46DE8}") = "src", "src", "{B6EB7978-F501-4C2C-B50B-286C08401CF2}"
EndProject
Project("{2150E333-8FDC-42A3-9474-1A3956D46DE8}") = "test", "test", "{21A91098-1DFE-4722-8309-F3AD6D989425}"
EndProject
Global
	GlobalSection(SolutionConfigurationPlatforms) = preSolution
		Debug|Any CPU = Debug|Any CPU
		Release|Any CPU = Release|Any CPU
	EndGlobalSection
	GlobalSection(ProjectConfigurationPlatforms) = postSolution
		{A971F5D0-348E-4A4A-80B2-1037282B332E}.Debug|Any CPU.ActiveCfg = Debug|Any CPU
		{A971F5D0-348E-4A4A-80B2-1037282B332E}.Debug|Any CPU.Build.0 = Debug|Any CPU
		{A971F5D0-348E-4A4A-80B2-1037282B332E}.Release|Any CPU.ActiveCfg = Release|Any CPU
		{A971F5D0-348E-4A4A-80B2-1037282B332E}.Release|Any CPU.Build.0 = Release|Any CPU
		{F6C1CFFF-2782-4FEA-BD45-CA1D0750284B}.Debug|Any CPU.ActiveCfg = Debug|Any CPU
		{F6C1CFFF-2782-4FEA-BD45-CA1D0750284B}.Debug|Any CPU.Build.0 = Debug|Any CPU
		{F6C1CFFF-2782-4FEA-BD45-CA1D0750284B}.Release|Any CPU.ActiveCfg = Release|Any CPU
		{F6C1CFFF-2782-4FEA-BD45-CA1D0750284B}.Release|Any CPU.Build.0 = Release|Any CPU
		{03988E0E-AA09-4ED5-8344-203819A66F3B}.Debug|Any CPU.ActiveCfg = Debug|Any CPU
		{03988E0E-AA09-4ED5-8344-203819A66F3B}.Debug|Any CPU.Build.0 = Debug|Any CPU
		{03988E0E-AA09-4ED5-8344-203819A66F3B}.Release|Any CPU.ActiveCfg = Release|Any CPU
		{03988E0E-AA09-4ED5-8344-203819A66F3B}.Release|Any CPU.Build.0 = Release|Any CPU
	EndGlobalSection
	GlobalSection(NestedProjects) = preSolution
		{A971F5D0-348E-4A4A-80B2-1037282B332E} = {B6EB7978-F501-4C2C-B50B-286C08401CF2}
		{F6C1CFFF-2782-4FEA-BD45-CA1D0750284B} = {21A91098-1DFE-4722-8309-F3AD6D989425}
		{03988E0E-AA09-4ED5-8344-203819A66F3B} = {21A91098-1DFE-4722-8309-F3AD6D989425}
	EndGlobalSection
EndGlobal
